
Microsoft Visual Studio Solution File, Format Version 12.00
# Visual Studio 15
Project("{FAE04EC0-301F-11D3-BF4B-00C04F79EFBC}") = "Assembly-CSharp", "Assembly-CSharp.csproj", "{49E16B54-3B8B-B55C-7620-D2A32D80E8F3}"
EndProject
Project("{FAE04EC0-301F-11D3-BF4B-00C04F79EFBC}") = "Assembly-CSharp-firstpass", "Assembly-CSharp-firstpass.csproj", "{E19D9520-19A8-A442-61A5-B2F825D9B17C}"
EndProject
Project("{FAE04EC0-301F-11D3-BF4B-00C04F79EFBC}") = "Unity.2D.Tilemap.Extras", "Unity.2D.Tilemap.Extras.csproj", "{F71E7D7C-87B3-6723-5925-A2E85255970A}"
EndProject
Project("{FAE04EC0-301F-11D3-BF4B-00C04F79EFBC}") = "Assembly-CSharp-Editor-firstpass", "Assembly-CSharp-Editor-firstpass.csproj", "{E5C42CF5-BB8E-569D-7A51-224452D0D967}"
EndProject
Project("{FAE04EC0-301F-11D3-BF4B-00C04F79EFBC}") = "Unity.2D.Tilemap.Extras.Editor", "Unity.2D.Tilemap.Extras.Editor.csproj", "{CE7C55DF-EFCB-4C4B-D857-4480F9489DB5}"
EndProject
Project("{FAE04EC0-301F-11D3-BF4B-00C04F79EFBC}") = "Assembly-CSharp-Editor", "Assembly-CSharp-Editor.csproj", "{A3328B7C-8DFE-B777-FA5D-6A4E9D9F14B4}"
EndProject
Global
	GlobalSection(SolutionConfigurationPlatforms) = preSolution
		Debug|Any CPU = Debug|Any CPU
		Release|Any CPU = Release|Any CPU
	EndGlobalSection
	GlobalSection(ProjectConfigurationPlatforms) = postSolution
		{49E16B54-3B8B-B55C-7620-D2A32D80E8F3}.Debug|Any CPU.ActiveCfg = Debug|Any CPU
		{49E16B54-3B8B-B55C-7620-D2A32D80E8F3}.Debug|Any CPU.Build.0 = Debug|Any CPU
		{49E16B54-3B8B-B55C-7620-D2A32D80E8F3}.Release|Any CPU.ActiveCfg = Release|Any CPU
		{49E16B54-3B8B-B55C-7620-D2A32D80E8F3}.Release|Any CPU.Build.0 = Release|Any CPU
		{E19D9520-19A8-A442-61A5-B2F825D9B17C}.Debug|Any CPU.ActiveCfg = Debug|Any CPU
		{E19D9520-19A8-A442-61A5-B2F825D9B17C}.Debug|Any CPU.Build.0 = Debug|Any CPU
		{E19D9520-19A8-A442-61A5-B2F825D9B17C}.Release|Any CPU.ActiveCfg = Release|Any CPU
		{E19D9520-19A8-A442-61A5-B2F825D9B17C}.Release|Any CPU.Build.0 = Release|Any CPU
		{F71E7D7C-87B3-6723-5925-A2E85255970A}.Debug|Any CPU.ActiveCfg = Debug|Any CPU
		{F71E7D7C-87B3-6723-5925-A2E85255970A}.Debug|Any CPU.Build.0 = Debug|Any CPU
		{F71E7D7C-87B3-6723-5925-A2E85255970A}.Release|Any CPU.ActiveCfg = Release|Any CPU
		{F71E7D7C-87B3-6723-5925-A2E85255970A}.Release|Any CPU.Build.0 = Release|Any CPU
		{E5C42CF5-BB8E-569D-7A51-224452D0D967}.Debug|Any CPU.ActiveCfg = Debug|Any CPU
		{E5C42CF5-BB8E-569D-7A51-224452D0D967}.Debug|Any CPU.Build.0 = Debug|Any CPU
		{E5C42CF5-BB8E-569D-7A51-224452D0D967}.Release|Any CPU.ActiveCfg = Release|Any CPU
		{E5C42CF5-BB8E-569D-7A51-224452D0D967}.Release|Any CPU.Build.0 = Release|Any CPU
		{CE7C55DF-EFCB-4C4B-D857-4480F9489DB5}.Debug|Any CPU.ActiveCfg = Debug|Any CPU
		{CE7C55DF-EFCB-4C4B-D857-4480F9489DB5}.Debug|Any CPU.Build.0 = Debug|Any CPU
		{CE7C55DF-EFCB-4C4B-D857-4480F9489DB5}.Release|Any CPU.ActiveCfg = Release|Any CPU
		{CE7C55DF-EFCB-4C4B-D857-4480F9489DB5}.Release|Any CPU.Build.0 = Release|Any CPU
		{A3328B7C-8DFE-B777-FA5D-6A4E9D9F14B4}.Debug|Any CPU.ActiveCfg = Debug|Any CPU
		{A3328B7C-8DFE-B777-FA5D-6A4E9D9F14B4}.Debug|Any CPU.Build.0 = Debug|Any CPU
		{A3328B7C-8DFE-B777-FA5D-6A4E9D9F14B4}.Release|Any CPU.ActiveCfg = Release|Any CPU
		{A3328B7C-8DFE-B777-FA5D-6A4E9D9F14B4}.Release|Any CPU.Build.0 = Release|Any CPU
	EndGlobalSection
	GlobalSection(SolutionProperties) = preSolution
		HideSolutionNode = FALSE
	EndGlobalSection
EndGlobal
